name: Update Data Lock

on:
  schedule:
    - cron: "0 8 * * *"
  workflow_dispatch:

permissions:
  contents: write
  pull-requests: write
  issues: write

jobs:
  update:
    runs-on: ubuntu-latest
    steps:
      - name: Checkout
        uses: actions/checkout@v4
        with:
          submodules: recursive

      - name: Use Node 24
        uses: actions/setup-node@v4
        with:
          node-version: 24
          cache: npm

      - name: Install dependencies
        run: npm ci

      - name: Sync submodules
        shell: bash
        run: |
          set -euo pipefail
          npm run data:sync 2>&1 | tee /tmp/data-sync.log
          if grep -Eq '\[data-sync\] done ok=[0-9]+ failed=[1-9][0-9]*' /tmp/data-sync.log; then
            echo "[data-refresh] submodule sync reported failures; aborting refresh job."
            exit 1
          fi

      - name: Update sdk versions from docs
        run: npm run data:versions:strict

      - name: Verify sdk versions are synced
        run: npm run data:verify-versions:strict

      - name: Update lock manifest
        run: npm run data:lock

      - name: Detect data/source changes
        id: detect_changes
        shell: bash
        run: |
          set -euo pipefail
          changed_files="$(git diff --name-only)"
          echo "changed_files<<EOF" >> "$GITHUB_OUTPUT"
          echo "$changed_files" >> "$GITHUB_OUTPUT"
          echo "EOF" >> "$GITHUB_OUTPUT"

          data_changed="false"
          if echo "$changed_files" | grep -Eq '^(data/metadata/data-manifest\.json|data/metadata/dynamsoft_sdks\.json|\.gitmodules|data/samples/|data/documentation/)'; then
            data_changed="true"
          fi
          echo "data_changed=$data_changed" >> "$GITHUB_OUTPUT"

          doc_changed="false"
          if echo "$changed_files" | grep -Eq '^data/documentation/'; then
            doc_changed="true"
          fi
          echo "doc_changed=$doc_changed" >> "$GITHUB_OUTPUT"

          echo "[data-refresh] changed_files:"
          if [[ -n "$changed_files" ]]; then
            echo "$changed_files"
          else
            echo "(none)"
          fi
          echo "[data-refresh] data_changed=$data_changed"
          echo "[data-refresh] doc_changed=$doc_changed"

      - name: Verify all doc resources are readable
        if: steps.detect_changes.outputs.doc_changed == 'true'
        run: npm run data:verify-docs

      - name: Bump patch version for data refresh
        id: bump_version
        if: steps.detect_changes.outputs.data_changed == 'true'
        shell: bash
        run: |
          set -euo pipefail
          old_version="$(node -p "require('./package.json').version")"
          npm version patch --no-git-tag-version
          new_version="$(node -p "require('./package.json').version")"
          echo "old_version=$old_version" >> "$GITHUB_OUTPUT"
          echo "new_version=$new_version" >> "$GITHUB_OUTPUT"
          echo "[data-refresh] version bump $old_version -> $new_version"

      - name: Verify lock manifest
        run: npm run data:verify-lock

      - name: Run tests
        run: npm test

      - name: Build PR metadata
        id: pr_meta
        shell: bash
        run: |
          set -euo pipefail
          declare -A submodule_url_by_path=()
          while IFS= read -r key; do
            submodule_path="$(git config --file .gitmodules --get "$key")"
            url_key="${key%.path}.url"
            submodule_url_by_path["$submodule_path"]="$(git config --file .gitmodules --get "$url_key" || true)"
          done < <(git config --file .gitmodules --name-only --get-regexp '^submodule\..*\.path$')

          declare -A seen_repos=()
          updated_repo_lines=""
          while IFS= read -r changed_path; do
            [[ -z "$changed_path" ]] && continue
            case "$changed_path" in
              data/documentation/*|data/samples/*)
                repo_url="${submodule_url_by_path[$changed_path]:-}"
                if [[ -n "$repo_url" ]]; then
                  repo_slug="${repo_url%.git}"
                  repo_slug="${repo_slug#https://github.com/}"
                  repo_slug="${repo_slug#git@github.com:}"
                  if [[ -n "$repo_slug" && -z "${seen_repos[$repo_slug]:-}" ]]; then
                    seen_repos["$repo_slug"]=1
                    updated_repo_lines+="- \`$repo_slug\`\n"
                  fi
                fi
                ;;
            esac
          done <<< "${{ steps.detect_changes.outputs.changed_files }}"

          if [[ -n "$updated_repo_lines" ]]; then
            updated_repos_block="Updated source repositories:\n$(printf '%b' "$updated_repo_lines")"
          else
            updated_repos_block="Updated source repositories:\n- (none)"
          fi

          if [[ "${{ steps.detect_changes.outputs.data_changed }}" == "true" ]]; then
            title="[data-release] chore: refresh data lock + patch bump v${{ steps.bump_version.outputs.new_version }}"
            commit_message="chore(data): refresh lock and bump version to v${{ steps.bump_version.outputs.new_version }}"
            labels="data-refresh,release:patch-data"
            body=$(cat <<EOF
          Automated daily refresh:
          - Fast-forward data submodules to configured branches
          ${updated_repos_block}
          - Update `data/metadata/data-manifest.json`
          - Auto-bump patch version for data refresh

          Version:
          - Previous: v${{ steps.bump_version.outputs.old_version }}
          - Current: v${{ steps.bump_version.outputs.new_version }}
          EOF
            )
          else
            title="[data-refresh] chore: update data lock manifest"
            commit_message="chore(data): update data lock manifest"
            labels="data-refresh"
            body=$(cat <<EOF
          Automated daily refresh:
          - Fast-forward data submodules to configured branches
          ${updated_repos_block}
          - Update `data/metadata/data-manifest.json`

          Note:
          - No patch bump was applied because no data/source changes were detected.
          EOF
            )
          fi

          echo "title=$title" >> "$GITHUB_OUTPUT"
          echo "commit_message=$commit_message" >> "$GITHUB_OUTPUT"
          echo "labels=$labels" >> "$GITHUB_OUTPUT"
          echo "body<<EOF" >> "$GITHUB_OUTPUT"
          echo "$body" >> "$GITHUB_OUTPUT"
          echo "EOF" >> "$GITHUB_OUTPUT"

          echo "[data-refresh] pr_title=$title"
          echo "[data-refresh] pr_labels=$labels"
          echo "[data-refresh] commit_message=$commit_message"

      - name: Workflow summary
        shell: bash
        run: |
          {
            echo "## Data Refresh Summary"
            echo ""
            echo "- data_changed: \`${{ steps.detect_changes.outputs.data_changed }}\`"
            echo "- doc_changed: \`${{ steps.detect_changes.outputs.doc_changed }}\`"
            if [[ "${{ steps.detect_changes.outputs.data_changed }}" == "true" ]]; then
              echo "- version: \`v${{ steps.bump_version.outputs.old_version }} -> v${{ steps.bump_version.outputs.new_version }}\`"
            else
              echo "- version: \`unchanged\`"
            fi
            echo "- pr_title: \`${{ steps.pr_meta.outputs.title }}\`"
            echo "- pr_labels: \`${{ steps.pr_meta.outputs.labels }}\`"
            echo ""
            echo "### Changed files"
            echo '```text'
            if [[ -n "${{ steps.detect_changes.outputs.changed_files }}" ]]; then
              echo "${{ steps.detect_changes.outputs.changed_files }}"
            else
              echo "(none)"
            fi
            echo '```'
          } >> "$GITHUB_STEP_SUMMARY"

      - name: Ensure automation labels exist
        uses: actions/github-script@v7
        with:
          script: |
            const labels = [
              { name: "data-refresh", color: "1D76DB", description: "Automated data refresh PR" },
              { name: "release:patch-data", color: "0E8A16", description: "Patch release from data refresh" }
            ];
            const { owner, repo } = context.repo;
            for (const label of labels) {
              try {
                await github.rest.issues.getLabel({ owner, repo, name: label.name });
              } catch (error) {
                if (error.status === 404) {
                  await github.rest.issues.createLabel({ owner, repo, ...label });
                } else {
                  throw error;
                }
              }
            }

      - name: Create Pull Request
        id: create_pr
        uses: peter-evans/create-pull-request@v6
        with:
          commit-message: ${{ steps.pr_meta.outputs.commit_message }}
          title: ${{ steps.pr_meta.outputs.title }}
          body: ${{ steps.pr_meta.outputs.body }}
          labels: ${{ steps.pr_meta.outputs.labels }}
          branch: "chore/daily-data-refresh"
          delete-branch: true

      - name: Enable auto-merge for refresh PR
        if: ${{ steps.create_pr.outputs.pull-request-number != '' }}
        uses: actions/github-script@v7
        with:
          script: |
            const { owner, repo } = context.repo;
            const pullNumber = Number("${{ steps.create_pr.outputs.pull-request-number }}");

            if (!pullNumber) {
              core.info("No pull request number returned; skipping auto-merge enable.");
              return;
            }

            const pr = await github.rest.pulls.get({
              owner,
              repo,
              pull_number: pullNumber
            });

            try {
              await github.graphql(
                `mutation EnableAutoMerge($pullRequestId: ID!) {
                  enablePullRequestAutoMerge(input: { pullRequestId: $pullRequestId, mergeMethod: SQUASH }) {
                    pullRequest {
                      number
                    }
                  }
                }`,
                { pullRequestId: pr.data.node_id }
              );
              core.info(`Enabled auto-merge for PR #${pullNumber}`);
            } catch (error) {
              const message = String(error?.message || error);
              const normalized = message.toLowerCase();
              if (message.toLowerCase().includes("already") && message.toLowerCase().includes("auto-merge")) {
                core.info(`Auto-merge already enabled for PR #${pullNumber}`);
                return;
              }
              if (normalized.includes("clean status")) {
                core.info(`PR #${pullNumber} is already clean; attempting direct squash merge.`);
                try {
                  await github.rest.pulls.merge({
                    owner,
                    repo,
                    pull_number: pullNumber,
                    merge_method: "squash"
                  });
                  core.info(`Merged PR #${pullNumber} directly because it was already clean.`);
                  return;
                } catch (mergeError) {
                  core.warning(`PR #${pullNumber} is clean but could not be merged directly: ${String(mergeError?.message || mergeError)}`);
                  return;
                }
              }
              if (normalized.includes("auto-merge") && normalized.includes("disabled")) {
                core.warning(`Auto-merge is disabled for this repository; skipping for PR #${pullNumber}.`);
                return;
              }
              throw error;
            }
